
Microsoft Visual Studio Solution File, Format Version 12.00
Project("{FAE04EC0-301F-11D3-BF4B-00C04F79EFBC}") = "Homework2", "Homework2\Homework2.csproj", "{5659AFA7-F68F-4333-A86C-5A9937F8BDD6}"
EndProject
Project("{FAE04EC0-301F-11D3-BF4B-00C04F79EFBC}") = "Hw2", "Hw2\Hw2.ilproj", "{6EA078C2-D2C7-4808-BAA8-43225453E322}"
EndProject
Global
	GlobalSection(SolutionConfigurationPlatforms) = preSolution
		Debug|Any CPU = Debug|Any CPU
		Release|Any CPU = Release|Any CPU
	EndGlobalSection
	GlobalSection(ProjectConfigurationPlatforms) = postSolution
		{5659AFA7-F68F-4333-A86C-5A9937F8BDD6}.Debug|Any CPU.ActiveCfg = Debug|Any CPU
		{5659AFA7-F68F-4333-A86C-5A9937F8BDD6}.Debug|Any CPU.Build.0 = Debug|Any CPU
		{5659AFA7-F68F-4333-A86C-5A9937F8BDD6}.Release|Any CPU.ActiveCfg = Release|Any CPU
		{5659AFA7-F68F-4333-A86C-5A9937F8BDD6}.Release|Any CPU.Build.0 = Release|Any CPU
		{6EA078C2-D2C7-4808-BAA8-43225453E322}.Debug|Any CPU.ActiveCfg = Debug|Any CPU
		{6EA078C2-D2C7-4808-BAA8-43225453E322}.Debug|Any CPU.Build.0 = Debug|Any CPU
		{6EA078C2-D2C7-4808-BAA8-43225453E322}.Release|Any CPU.ActiveCfg = Release|Any CPU
		{6EA078C2-D2C7-4808-BAA8-43225453E322}.Release|Any CPU.Build.0 = Release|Any CPU
	EndGlobalSection
EndGlobal
